
Microsoft Visual Studio Solution File, Format Version 12.00
# Visual Studio Version 17
VisualStudioVersion = 17.5.002.0
MinimumVisualStudioVersion = 10.0.40219.1
Project("{9A19103F-16F7-4668-BE54-9A1E7A4F7556}") = "testharnesscsharp", "testharnesscsharp.csproj", "{C23A3D6C-DF1F-491A-AEFA-F2A274E78469}"
EndProject
Global
	GlobalSection(SolutionConfigurationPlatforms) = preSolution
		Debug|Any CPU = Debug|Any CPU
		Release|Any CPU = Release|Any CPU
	EndGlobalSection
	GlobalSection(ProjectConfigurationPlatforms) = postSolution
		{C23A3D6C-DF1F-491A-AEFA-F2A274E78469}.Debug|Any CPU.ActiveCfg = Debug|Any CPU
		{C23A3D6C-DF1F-491A-AEFA-F2A274E78469}.Debug|Any CPU.Build.0 = Debug|Any CPU
		{C23A3D6C-DF1F-491A-AEFA-F2A274E78469}.Release|Any CPU.ActiveCfg = Release|Any CPU
		{C23A3D6C-DF1F-491A-AEFA-F2A274E78469}.Release|Any CPU.Build.0 = Release|Any CPU
	EndGlobalSection
	GlobalSection(SolutionProperties) = preSolution
		HideSolutionNode = FALSE
	EndGlobalSection
	GlobalSection(ExtensibilityGlobals) = postSolution
		SolutionGuid = {B457588D-97BD-4370-8740-3877B641A076}
	EndGlobalSection
EndGlobal
